
Microsoft Visual Studio Solution File, Format Version 12.00
# Visual Studio 15
VisualStudioVersion = 15.0.28307.329
MinimumVisualStudioVersion = 10.0.40219.1
Project("{FAE04EC0-301F-11D3-BF4B-00C04F79EFBC}") = "Cricket", "Cricket\Cricket.csproj", "{5161ED5E-BFAC-45ED-A21D-92B051CACDA1}"
EndProject
Global
	GlobalSection(SolutionConfigurationPlatforms) = preSolution
		Debug|Any CPU = Debug|Any CPU
		Release|Any CPU = Release|Any CPU
	EndGlobalSection
	GlobalSection(ProjectConfigurationPlatforms) = postSolution
		{5161ED5E-BFAC-45ED-A21D-92B051CACDA1}.Debug|Any CPU.ActiveCfg = Debug|Any CPU
		{5161ED5E-BFAC-45ED-A21D-92B051CACDA1}.Debug|Any CPU.Build.0 = Debug|Any CPU
		{5161ED5E-BFAC-45ED-A21D-92B051CACDA1}.Release|Any CPU.ActiveCfg = Release|Any CPU
		{5161ED5E-BFAC-45ED-A21D-92B051CACDA1}.Release|Any CPU.Build.0 = Release|Any CPU
	EndGlobalSection
	GlobalSection(SolutionProperties) = preSolution
		HideSolutionNode = FALSE
	EndGlobalSection
	GlobalSection(ExtensibilityGlobals) = postSolution
		SolutionGuid = {9BA1D358-FE8E-41BB-B94C-4A4671E0AF15}
	EndGlobalSection
EndGlobal
